
Microsoft Visual Studio Solution File, Format Version 12.00
# Visual Studio Version 17
VisualStudioVersion = 17.14.36212.18
MinimumVisualStudioVersion = 10.0.40219.1
Project("{FAE04EC0-301F-11D3-BF4B-00C04F79EFBC}") = "PrimeiroProjeto", "PrimeiroProjeto\PrimeiroProjeto.csproj", "{8CC20315-A794-48BD-972C-8EC5D1AD5E8C}"
EndProject
Project("{FAE04EC0-301F-11D3-BF4B-00C04F79EFBC}") = "Arquivos", "Arquivos\Arquivos.csproj", "{AC6BAB7F-9C82-3BEC-C4ED-83C3749781FD}"
EndProject
Project("{FAE04EC0-301F-11D3-BF4B-00C04F79EFBC}") = "Arquivos2", "Arquivos2\Arquivos2.csproj", "{E7AC9652-FA15-7B54-355C-A52B60F05627}"
EndProject
Project("{FAE04EC0-301F-11D3-BF4B-00C04F79EFBC}") = "Arquivos3", "Arquivos3\Arquivos3.csproj", "{CAF6B1C7-2CAB-C0AA-BB23-FFFCD50C2911}"
EndProject
Project("{FAE04EC0-301F-11D3-BF4B-00C04F79EFBC}") = "BlocoUsing", "BlocoUsing\BlocoUsing.csproj", "{144A5308-B26F-C5FB-A1C8-3816B50FCF7A}"
EndProject
Project("{FAE04EC0-301F-11D3-BF4B-00C04F79EFBC}") = "ClasseParametrizada", "ClasseParametrizada\ClasseParametrizada.csproj", "{4D8B3096-95D0-F47D-3EBB-998D54FBDF8C}"
EndProject
Project("{FAE04EC0-301F-11D3-BF4B-00C04F79EFBC}") = "Classes", "Classes\Classes.csproj", "{1E1A629B-9BD8-52D9-006E-8FD3FE69244B}"
EndProject
Project("{FAE04EC0-301F-11D3-BF4B-00C04F79EFBC}") = "Classes2", "Classes2\Classes2.csproj", "{644E40FC-04A6-9591-FF4D-2B12DA834F10}"
EndProject
Project("{FAE04EC0-301F-11D3-BF4B-00C04F79EFBC}") = "Classes3", "Classes3\Classes3.csproj", "{F736A87D-7A63-D8D5-870D-C97CE7276B1D}"
EndProject
Project("{FAE04EC0-301F-11D3-BF4B-00C04F79EFBC}") = "Classes4", "Classes4\Classes4.csproj", "{F2353D57-45F9-8C6B-21DC-07DD9EE440D6}"
EndProject
Project("{FAE04EC0-301F-11D3-BF4B-00C04F79EFBC}") = "Classes5", "Classes5\Classes5.csproj", "{6D2C499A-B846-F41B-E10D-EEA058E6F1FB}"
EndProject
Project("{FAE04EC0-301F-11D3-BF4B-00C04F79EFBC}") = "ClassesEMetodosAbstratos", "ClassesEMetodosAbstratos\ClassesEMetodosAbstratos.csproj", "{897C21DF-8158-B745-03A2-B89611627EDD}"
EndProject
Project("{FAE04EC0-301F-11D3-BF4B-00C04F79EFBC}") = "ClassesEMetodosAbstratos2", "ClassesEMetodosAbstratos2\ClassesEMetodosAbstratos2.csproj", "{45093F0C-85E6-6965-447E-814A95898740}"
EndProject
Project("{FAE04EC0-301F-11D3-BF4B-00C04F79EFBC}") = "Comparison", "Comparison\Comparison.csproj", "{D0D87081-1AD1-CFC4-C088-56352B4A4204}"
EndProject
Project("{FAE04EC0-301F-11D3-BF4B-00C04F79EFBC}") = "Composicao", "Composicao\Composicao.csproj", "{A364EFB3-AF97-52C0-1B7F-9A67788E4CBB}"
EndProject
Project("{FAE04EC0-301F-11D3-BF4B-00C04F79EFBC}") = "Composicao3", "Composicao3\Composicao3.csproj", "{420DC053-FF81-0240-9433-0F4E0C2F3902}"
EndProject
Project("{FAE04EC0-301F-11D3-BF4B-00C04F79EFBC}") = "ComposicaoEStringBuilder", "ComposicaoEStringBuilder\ComposicaoEStringBuilder.csproj", "{597F3F94-DEBD-0BE6-62BC-EC3C2514F909}"
EndProject
Project("{FAE04EC0-301F-11D3-BF4B-00C04F79EFBC}") = "Conjuntos", "Conjuntos\Conjuntos.csproj", "{5DD68D17-8DCF-21F6-1642-83D7C55BCF21}"
EndProject
Project("{FAE04EC0-301F-11D3-BF4B-00C04F79EFBC}") = "Conjuntos2", "Conjuntos2\Conjuntos2.csproj", "{D19EFE15-3AD7-A714-083D-30CB59E92531}"
EndProject
Project("{FAE04EC0-301F-11D3-BF4B-00C04F79EFBC}") = "Conjuntos3", "Conjuntos3\Conjuntos3.csproj", "{1CDF4C36-F7A0-985A-1FC7-026339E13338}"
EndProject
Project("{FAE04EC0-301F-11D3-BF4B-00C04F79EFBC}") = "Conjuntos4", "Conjuntos4\Conjuntos4.csproj", "{5D7FC47C-2B2A-E83D-83DB-6665BFDADE88}"
EndProject
Project("{FAE04EC0-301F-11D3-BF4B-00C04F79EFBC}") = "ConsoleReadLine", "ConsoleReadLine\ConsoleReadLine.csproj", "{5CDCA780-01E9-3F28-A8FF-19C33E951384}"
EndProject
Project("{FAE04EC0-301F-11D3-BF4B-00C04F79EFBC}") = "Construtor", "Construtor\Construtor.csproj", "{5755B428-B09D-BFA0-9183-9827CF842EC4}"
EndProject
Project("{FAE04EC0-301F-11D3-BF4B-00C04F79EFBC}") = "ConversaoDeValores", "ConversaoDeValores\ConversaoDeValores.csproj", "{78586327-E2B7-C0BA-FF4A-A6DCCDD3B0F0}"
EndProject
Project("{FAE04EC0-301F-11D3-BF4B-00C04F79EFBC}") = "DateTime", "DateTime\DateTime.csproj", "{7EE21D08-1064-85AA-4FC3-E1B5B27A9783}"
EndProject
Project("{FAE04EC0-301F-11D3-BF4B-00C04F79EFBC}") = "DateTime2", "DateTime2\DateTime2.csproj", "{A0699AA2-0DF5-CC31-88C9-E6E01868BDEC}"
EndProject
Project("{FAE04EC0-301F-11D3-BF4B-00C04F79EFBC}") = "Delegates", "Delegates\Delegates.csproj", "{6DEEA60C-1116-7027-C0B6-D89FFF598C14}"
EndProject
Project("{FAE04EC0-301F-11D3-BF4B-00C04F79EFBC}") = "Dictionary", "Dictionary\Dictionary.csproj", "{76896C48-B58E-E7AA-7326-109476DAC484}"
EndProject
Project("{FAE04EC0-301F-11D3-BF4B-00C04F79EFBC}") = "Dictionary2", "Dictionary2\Dictionary2.csproj", "{0700C358-1298-08ED-877D-A2B405BA4A56}"
EndProject
Project("{FAE04EC0-301F-11D3-BF4B-00C04F79EFBC}") = "Dictionary3", "Dictionary3\Dictionary3.csproj", "{E8C9D142-664B-E333-1588-3D9B78FA8D18}"
EndProject
Project("{FAE04EC0-301F-11D3-BF4B-00C04F79EFBC}") = "Directory", "Directory\Directory.csproj", "{33F36373-0FDD-6BD9-955A-A220B7D33F63}"
EndProject
Project("{FAE04EC0-301F-11D3-BF4B-00C04F79EFBC}") = "Encapsulamento", "Encapsulamento\Encapsulamento.csproj", "{58788675-5F79-2029-4174-36C5B6ADCAD2}"
EndProject
Project("{FAE04EC0-301F-11D3-BF4B-00C04F79EFBC}") = "Encapsulamento2", "Encapsulamento2\Encapsulamento2.csproj", "{119774E6-EB3E-CE9A-A046-D58F5DC642E8}"
EndProject
Project("{FAE04EC0-301F-11D3-BF4B-00C04F79EFBC}") = "Encapsulamento3", "Encapsulamento3\Encapsulamento3.csproj", "{58A05711-B4DF-5AB9-F83B-9519993D5885}"
EndProject
Project("{FAE04EC0-301F-11D3-BF4B-00C04F79EFBC}") = "Enumeracoes", "Enumeracoes\Enumeracoes.csproj", "{88462969-D8B4-89C6-8FFF-2884B3027FCC}"
EndProject
Project("{FAE04EC0-301F-11D3-BF4B-00C04F79EFBC}") = "EqualsEGetHashCode", "EqualsEGetHashCode\EqualsEGetHashCode.csproj", "{02013318-BD1C-18E7-1C99-8E27F4D29E67}"
EndProject
Project("{FAE04EC0-301F-11D3-BF4B-00C04F79EFBC}") = "EstruturaCondicionalTernaria", "EstruturaCondicionalTernaria\EstruturaCondicionalTernaria.csproj", "{74BB07AB-27FA-AD2E-F2DD-96EBAC03FDD0}"
EndProject
Project("{FAE04EC0-301F-11D3-BF4B-00C04F79EFBC}") = "ExtensionMethods", "ExtensionMethods\ExtensionMethods.csproj", "{33DF92E8-5B28-A9C0-F4FF-0000E8530488}"
EndProject
Project("{FAE04EC0-301F-11D3-BF4B-00C04F79EFBC}") = "FileStreamEStreamReader", "FileStreamEStreamReader\FileStreamEStreamReader.csproj", "{2CE6F878-D657-A22A-B32E-1B5C7D090204}"
EndProject
Project("{FAE04EC0-301F-11D3-BF4B-00C04F79EFBC}") = "For", "For\For.csproj", "{932A5A5E-C812-0135-7585-34123046D43D}"
EndProject
Project("{FAE04EC0-301F-11D3-BF4B-00C04F79EFBC}") = "Funcoes", "Funcoes\Funcoes.csproj", "{C462764E-7B3E-1192-A981-76628BE98439}"
EndProject
Project("{FAE04EC0-301F-11D3-BF4B-00C04F79EFBC}") = "FuncoesNativasString", "FuncoesNativasString\FuncoesNativasString.csproj", "{1579F1C2-E383-1411-FB86-B3177781BDD9}"
EndProject
Project("{FAE04EC0-301F-11D3-BF4B-00C04F79EFBC}") = "Heranca", "Heranca\Heranca.csproj", "{5CB0AFFD-D98B-CBE2-536B-05372844B49A}"
EndProject
Project("{FAE04EC0-301F-11D3-BF4B-00C04F79EFBC}") = "Heranca2", "Heranca2\Heranca2.csproj", "{3AEC2D69-A149-A660-A6C5-7E17E579BBA8}"
EndProject
Project("{FAE04EC0-301F-11D3-BF4B-00C04F79EFBC}") = "Heranca3", "Heranca3\Heranca3.csproj", "{ECF49399-7A0A-58E2-92D1-9ABD10AB7E52}"
EndProject
Project("{FAE04EC0-301F-11D3-BF4B-00C04F79EFBC}") = "IComparable", "IComparable\IComparable.csproj", "{41F6DF33-1805-EFA7-D534-BB80414C245A}"
EndProject
Project("{FAE04EC0-301F-11D3-BF4B-00C04F79EFBC}") = "InterfaceEClassesDeServico", "InterfaceEClassesDeServico\InterfaceEClassesDeServico.csproj", "{FC9799B7-4735-00CC-3E0B-786F0FDD354B}"
EndProject
Project("{FAE04EC0-301F-11D3-BF4B-00C04F79EFBC}") = "InterfaceEClassesDeServico2", "InterfaceEClassesDeServico2\InterfaceEClassesDeServico2.csproj", "{B662F7FA-3F51-7447-DC4D-E2900DBEE2CC}"
EndProject
Project("{FAE04EC0-301F-11D3-BF4B-00C04F79EFBC}") = "InterfaceEClassesDeServico3", "InterfaceEClassesDeServico3\InterfaceEClassesDeServico3.csproj", "{9986E91E-0BA1-4701-2C42-36FE069778B2}"
EndProject
Project("{FAE04EC0-301F-11D3-BF4B-00C04F79EFBC}") = "IntroducaoALinq", "IntroducaoALinq\IntroducaoALinq.csproj", "{5E272E9B-DDB8-BEDF-6376-5A7B700AFF24}"
EndProject
Project("{FAE04EC0-301F-11D3-BF4B-00C04F79EFBC}") = "Linq2", "Linq2\Linq2.csproj", "{439D176B-6A53-2BCE-D368-7F660DE41A34}"
EndProject
Project("{FAE04EC0-301F-11D3-BF4B-00C04F79EFBC}") = "Linq3", "Linq3\Linq3.csproj", "{3AB7191A-889F-BB8D-18CF-C6A02BF18306}"
EndProject
Project("{FAE04EC0-301F-11D3-BF4B-00C04F79EFBC}") = "Linq4", "Linq4\Linq4.csproj", "{263E9C9C-C8B5-7240-DB05-36CA561693DF}"
EndProject
Project("{FAE04EC0-301F-11D3-BF4B-00C04F79EFBC}") = "Linq5", "Linq5\Linq5.csproj", "{B1743449-60CC-5006-B1C5-C4E223E11FFE}"
EndProject
Project("{FAE04EC0-301F-11D3-BF4B-00C04F79EFBC}") = "Listas", "Listas\Listas.csproj", "{2D427660-EBE1-FE61-CD80-144B4F5AD2F0}"
EndProject
Project("{FAE04EC0-301F-11D3-BF4B-00C04F79EFBC}") = "Listas2", "Listas2\Listas2.csproj", "{A4E9670C-9DE5-748B-7C45-AFA0A0BE2CD6}"
EndProject
Project("{FAE04EC0-301F-11D3-BF4B-00C04F79EFBC}") = "Listas3", "Listas3\Listas3.csproj", "{FC19428E-1DFB-173C-A169-3FA295CDE277}"
EndProject
Project("{FAE04EC0-301F-11D3-BF4B-00C04F79EFBC}") = "ListForEach", "ListForEach\ListForEach.csproj", "{2B5C127D-831A-0484-0ED6-EFFC87059DC6}"
EndProject
Project("{FAE04EC0-301F-11D3-BF4B-00C04F79EFBC}") = "Matrizes", "Matrizes\Matrizes.csproj", "{7AF5E225-9E66-4863-62B6-BA7B517BA10F}"
EndProject
Project("{FAE04EC0-301F-11D3-BF4B-00C04F79EFBC}") = "Matrizes2", "Matrizes2\Matrizes2.csproj", "{52D6E762-CF86-39E3-42EB-E672BD5951E0}"
EndProject
Project("{FAE04EC0-301F-11D3-BF4B-00C04F79EFBC}") = "MembrosEstaticos", "MembrosEstaticos\MembrosEstaticos.csproj", "{B347B6A2-737B-0388-91D2-355CB529ED4B}"
EndProject
Project("{FAE04EC0-301F-11D3-BF4B-00C04F79EFBC}") = "MembrosEstaticos2", "MembrosEstaticos2\MembrosEstaticos2.csproj", "{D46F74C2-3B03-D0F7-CFFA-81E01C523A71}"
EndProject
Project("{FAE04EC0-301F-11D3-BF4B-00C04F79EFBC}") = "MetodoSelectDeUmaLista", "MetodoSelectDeUmaLista\MetodoSelectDeUmaLista.csproj", "{22437E9B-B7E4-C614-AB7F-8B73F939ACF8}"
EndProject
Project("{FAE04EC0-301F-11D3-BF4B-00C04F79EFBC}") = "MulticastDelegates", "MulticastDelegates\MulticastDelegates.csproj", "{A2512155-0F78-DE0B-11B7-786360F9CFFE}"
EndProject
Project("{FAE04EC0-301F-11D3-BF4B-00C04F79EFBC}") = "Nullable", "Nullable\Nullable.csproj", "{358D95E3-ABB9-D3F2-1C93-E68B6151B3B2}"
EndProject
Project("{FAE04EC0-301F-11D3-BF4B-00C04F79EFBC}") = "Params", "Params\Params.csproj", "{8CC3B626-75EF-4388-8C12-17FAA450EDBA}"
EndProject
Project("{FAE04EC0-301F-11D3-BF4B-00C04F79EFBC}") = "Path", "Path\Path.csproj", "{935BA62E-FF86-C536-AF22-D668AF43E2E1}"
EndProject
Project("{FAE04EC0-301F-11D3-BF4B-00C04F79EFBC}") = "RefEOut", "RefEOut\RefEOut.csproj", "{175612E8-6796-B778-7E2D-C3695E51A9E7}"
EndProject
Project("{FAE04EC0-301F-11D3-BF4B-00C04F79EFBC}") = "RemoveAllEFuncaoLambda", "RemoveAllEFuncaoLambda\RemoveAllEFuncaoLambda.csproj", "{FE9DC7C8-863F-248E-1D92-215D0DE167DA}"
EndProject
Project("{FAE04EC0-301F-11D3-BF4B-00C04F79EFBC}") = "Sobreposicao", "Sobreposicao\Sobreposicao.csproj", "{99F56CCB-018B-42ED-D59E-0FE2A2BE2E5E}"
EndProject
Project("{FAE04EC0-301F-11D3-BF4B-00C04F79EFBC}") = "StreamWriter", "StreamWriter\StreamWriter.csproj", "{D5E56A1E-5423-703A-BB05-460A9755CD69}"
EndProject
Project("{FAE04EC0-301F-11D3-BF4B-00C04F79EFBC}") = "TimeSpan", "TimeSpan\TimeSpan.csproj", "{CB733F90-3AA5-0BC4-9075-64682E44BE84}"
EndProject
Project("{FAE04EC0-301F-11D3-BF4B-00C04F79EFBC}") = "TratamentoDeExcecoes", "TratamentoDeExcecoes\TratamentoDeExcecoes.csproj", "{C9AA50CD-22A1-32E4-31A2-C059728541D8}"
EndProject
Project("{FAE04EC0-301F-11D3-BF4B-00C04F79EFBC}") = "TratamentoDeExcecoes3", "TratamentoDeExcecoes3\TratamentoDeExcecoes3.csproj", "{2333B1A5-0A2D-EA44-6289-DB972E8A4892}"
EndProject
Project("{FAE04EC0-301F-11D3-BF4B-00C04F79EFBC}") = "TratamentoDeExcecoesPersonalizadas", "TratamentoDeExcecoesPersonalizadas\TratamentoDeExcecoesPersonalizadas.csproj", "{EF31C738-4B97-8A4F-875A-960B276BC68F}"
EndProject
Project("{FAE04EC0-301F-11D3-BF4B-00C04F79EFBC}") = "Vetor2", "Vetor2\Vetor2.csproj", "{D0A241B5-CBE5-9FD8-1EED-228329712CC4}"
EndProject
Project("{FAE04EC0-301F-11D3-BF4B-00C04F79EFBC}") = "Vetor3", "Vetor3\Vetor3.csproj", "{254D45F3-1420-34C6-F3F4-9E3D9423077F}"
EndProject
Project("{FAE04EC0-301F-11D3-BF4B-00C04F79EFBC}") = "VetorComFuncaoSplit", "VetorComFuncaoSplit\VetorComFuncaoSplit.csproj", "{D398BAB9-6D67-98A1-D31B-9E591D53B381}"
EndProject
Project("{FAE04EC0-301F-11D3-BF4B-00C04F79EFBC}") = "While", "While\While.csproj", "{8DAFA3B7-E74E-EB7F-CAC7-D24F8313FCF4}"
EndProject
Project("{FAE04EC0-301F-11D3-BF4B-00C04F79EFBC}") = "While2", "While2\While2.csproj", "{671124E5-A306-44D2-C8B4-064FF6002095}"
EndProject
Project("{FAE04EC0-301F-11D3-BF4B-00C04F79EFBC}") = "While3", "While3\While3.csproj", "{3AF47271-C379-7E8E-64B2-ECDC79FF7B08}"
EndProject
Global
	GlobalSection(SolutionConfigurationPlatforms) = preSolution
		Debug|Any CPU = Debug|Any CPU
		Release|Any CPU = Release|Any CPU
	EndGlobalSection
	GlobalSection(ProjectConfigurationPlatforms) = postSolution
		{8CC20315-A794-48BD-972C-8EC5D1AD5E8C}.Debug|Any CPU.ActiveCfg = Debug|Any CPU
		{8CC20315-A794-48BD-972C-8EC5D1AD5E8C}.Debug|Any CPU.Build.0 = Debug|Any CPU
		{8CC20315-A794-48BD-972C-8EC5D1AD5E8C}.Release|Any CPU.ActiveCfg = Release|Any CPU
		{8CC20315-A794-48BD-972C-8EC5D1AD5E8C}.Release|Any CPU.Build.0 = Release|Any CPU
		{AC6BAB7F-9C82-3BEC-C4ED-83C3749781FD}.Debug|Any CPU.ActiveCfg = Debug|Any CPU
		{AC6BAB7F-9C82-3BEC-C4ED-83C3749781FD}.Debug|Any CPU.Build.0 = Debug|Any CPU
		{AC6BAB7F-9C82-3BEC-C4ED-83C3749781FD}.Release|Any CPU.ActiveCfg = Release|Any CPU
		{AC6BAB7F-9C82-3BEC-C4ED-83C3749781FD}.Release|Any CPU.Build.0 = Release|Any CPU
		{E7AC9652-FA15-7B54-355C-A52B60F05627}.Debug|Any CPU.ActiveCfg = Debug|Any CPU
		{E7AC9652-FA15-7B54-355C-A52B60F05627}.Debug|Any CPU.Build.0 = Debug|Any CPU
		{E7AC9652-FA15-7B54-355C-A52B60F05627}.Release|Any CPU.ActiveCfg = Release|Any CPU
		{E7AC9652-FA15-7B54-355C-A52B60F05627}.Release|Any CPU.Build.0 = Release|Any CPU
		{CAF6B1C7-2CAB-C0AA-BB23-FFFCD50C2911}.Debug|Any CPU.ActiveCfg = Debug|Any CPU
		{CAF6B1C7-2CAB-C0AA-BB23-FFFCD50C2911}.Debug|Any CPU.Build.0 = Debug|Any CPU
		{CAF6B1C7-2CAB-C0AA-BB23-FFFCD50C2911}.Release|Any CPU.ActiveCfg = Release|Any CPU
		{CAF6B1C7-2CAB-C0AA-BB23-FFFCD50C2911}.Release|Any CPU.Build.0 = Release|Any CPU
		{144A5308-B26F-C5FB-A1C8-3816B50FCF7A}.Debug|Any CPU.ActiveCfg = Debug|Any CPU
		{144A5308-B26F-C5FB-A1C8-3816B50FCF7A}.Debug|Any CPU.Build.0 = Debug|Any CPU
		{144A5308-B26F-C5FB-A1C8-3816B50FCF7A}.Release|Any CPU.ActiveCfg = Release|Any CPU
		{144A5308-B26F-C5FB-A1C8-3816B50FCF7A}.Release|Any CPU.Build.0 = Release|Any CPU
		{4D8B3096-95D0-F47D-3EBB-998D54FBDF8C}.Debug|Any CPU.ActiveCfg = Debug|Any CPU
		{4D8B3096-95D0-F47D-3EBB-998D54FBDF8C}.Debug|Any CPU.Build.0 = Debug|Any CPU
		{4D8B3096-95D0-F47D-3EBB-998D54FBDF8C}.Release|Any CPU.ActiveCfg = Release|Any CPU
		{4D8B3096-95D0-F47D-3EBB-998D54FBDF8C}.Release|Any CPU.Build.0 = Release|Any CPU
		{1E1A629B-9BD8-52D9-006E-8FD3FE69244B}.Debug|Any CPU.ActiveCfg = Debug|Any CPU
		{1E1A629B-9BD8-52D9-006E-8FD3FE69244B}.Debug|Any CPU.Build.0 = Debug|Any CPU
		{1E1A629B-9BD8-52D9-006E-8FD3FE69244B}.Release|Any CPU.ActiveCfg = Release|Any CPU
		{1E1A629B-9BD8-52D9-006E-8FD3FE69244B}.Release|Any CPU.Build.0 = Release|Any CPU
		{644E40FC-04A6-9591-FF4D-2B12DA834F10}.Debug|Any CPU.ActiveCfg = Debug|Any CPU
		{644E40FC-04A6-9591-FF4D-2B12DA834F10}.Debug|Any CPU.Build.0 = Debug|Any CPU
		{644E40FC-04A6-9591-FF4D-2B12DA834F10}.Release|Any CPU.ActiveCfg = Release|Any CPU
		{644E40FC-04A6-9591-FF4D-2B12DA834F10}.Release|Any CPU.Build.0 = Release|Any CPU
		{F736A87D-7A63-D8D5-870D-C97CE7276B1D}.Debug|Any CPU.ActiveCfg = Debug|Any CPU
		{F736A87D-7A63-D8D5-870D-C97CE7276B1D}.Debug|Any CPU.Build.0 = Debug|Any CPU
		{F736A87D-7A63-D8D5-870D-C97CE7276B1D}.Release|Any CPU.ActiveCfg = Release|Any CPU
		{F736A87D-7A63-D8D5-870D-C97CE7276B1D}.Release|Any CPU.Build.0 = Release|Any CPU
		{F2353D57-45F9-8C6B-21DC-07DD9EE440D6}.Debug|Any CPU.ActiveCfg = Debug|Any CPU
		{F2353D57-45F9-8C6B-21DC-07DD9EE440D6}.Debug|Any CPU.Build.0 = Debug|Any CPU
		{F2353D57-45F9-8C6B-21DC-07DD9EE440D6}.Release|Any CPU.ActiveCfg = Release|Any CPU
		{F2353D57-45F9-8C6B-21DC-07DD9EE440D6}.Release|Any CPU.Build.0 = Release|Any CPU
		{6D2C499A-B846-F41B-E10D-EEA058E6F1FB}.Debug|Any CPU.ActiveCfg = Debug|Any CPU
		{6D2C499A-B846-F41B-E10D-EEA058E6F1FB}.Debug|Any CPU.Build.0 = Debug|Any CPU
		{6D2C499A-B846-F41B-E10D-EEA058E6F1FB}.Release|Any CPU.ActiveCfg = Release|Any CPU
		{6D2C499A-B846-F41B-E10D-EEA058E6F1FB}.Release|Any CPU.Build.0 = Release|Any CPU
		{897C21DF-8158-B745-03A2-B89611627EDD}.Debug|Any CPU.ActiveCfg = Debug|Any CPU
		{897C21DF-8158-B745-03A2-B89611627EDD}.Debug|Any CPU.Build.0 = Debug|Any CPU
		{897C21DF-8158-B745-03A2-B89611627EDD}.Release|Any CPU.ActiveCfg = Release|Any CPU
		{897C21DF-8158-B745-03A2-B89611627EDD}.Release|Any CPU.Build.0 = Release|Any CPU
		{45093F0C-85E6-6965-447E-814A95898740}.Debug|Any CPU.ActiveCfg = Debug|Any CPU
		{45093F0C-85E6-6965-447E-814A95898740}.Debug|Any CPU.Build.0 = Debug|Any CPU
		{45093F0C-85E6-6965-447E-814A95898740}.Release|Any CPU.ActiveCfg = Release|Any CPU
		{45093F0C-85E6-6965-447E-814A95898740}.Release|Any CPU.Build.0 = Release|Any CPU
		{D0D87081-1AD1-CFC4-C088-56352B4A4204}.Debug|Any CPU.ActiveCfg = Debug|Any CPU
		{D0D87081-1AD1-CFC4-C088-56352B4A4204}.Debug|Any CPU.Build.0 = Debug|Any CPU
		{D0D87081-1AD1-CFC4-C088-56352B4A4204}.Release|Any CPU.ActiveCfg = Release|Any CPU
		{D0D87081-1AD1-CFC4-C088-56352B4A4204}.Release|Any CPU.Build.0 = Release|Any CPU
		{A364EFB3-AF97-52C0-1B7F-9A67788E4CBB}.Debug|Any CPU.ActiveCfg = Debug|Any CPU
		{A364EFB3-AF97-52C0-1B7F-9A67788E4CBB}.Debug|Any CPU.Build.0 = Debug|Any CPU
		{A364EFB3-AF97-52C0-1B7F-9A67788E4CBB}.Release|Any CPU.ActiveCfg = Release|Any CPU
		{A364EFB3-AF97-52C0-1B7F-9A67788E4CBB}.Release|Any CPU.Build.0 = Release|Any CPU
		{420DC053-FF81-0240-9433-0F4E0C2F3902}.Debug|Any CPU.ActiveCfg = Debug|Any CPU
		{420DC053-FF81-0240-9433-0F4E0C2F3902}.Debug|Any CPU.Build.0 = Debug|Any CPU
		{420DC053-FF81-0240-9433-0F4E0C2F3902}.Release|Any CPU.ActiveCfg = Release|Any CPU
		{420DC053-FF81-0240-9433-0F4E0C2F3902}.Release|Any CPU.Build.0 = Release|Any CPU
		{597F3F94-DEBD-0BE6-62BC-EC3C2514F909}.Debug|Any CPU.ActiveCfg = Debug|Any CPU
		{597F3F94-DEBD-0BE6-62BC-EC3C2514F909}.Debug|Any CPU.Build.0 = Debug|Any CPU
		{597F3F94-DEBD-0BE6-62BC-EC3C2514F909}.Release|Any CPU.ActiveCfg = Release|Any CPU
		{597F3F94-DEBD-0BE6-62BC-EC3C2514F909}.Release|Any CPU.Build.0 = Release|Any CPU
		{5DD68D17-8DCF-21F6-1642-83D7C55BCF21}.Debug|Any CPU.ActiveCfg = Debug|Any CPU
		{5DD68D17-8DCF-21F6-1642-83D7C55BCF21}.Debug|Any CPU.Build.0 = Debug|Any CPU
		{5DD68D17-8DCF-21F6-1642-83D7C55BCF21}.Release|Any CPU.ActiveCfg = Release|Any CPU
		{5DD68D17-8DCF-21F6-1642-83D7C55BCF21}.Release|Any CPU.Build.0 = Release|Any CPU
		{D19EFE15-3AD7-A714-083D-30CB59E92531}.Debug|Any CPU.ActiveCfg = Debug|Any CPU
		{D19EFE15-3AD7-A714-083D-30CB59E92531}.Debug|Any CPU.Build.0 = Debug|Any CPU
		{D19EFE15-3AD7-A714-083D-30CB59E92531}.Release|Any CPU.ActiveCfg = Release|Any CPU
		{D19EFE15-3AD7-A714-083D-30CB59E92531}.Release|Any CPU.Build.0 = Release|Any CPU
		{1CDF4C36-F7A0-985A-1FC7-026339E13338}.Debug|Any CPU.ActiveCfg = Debug|Any CPU
		{1CDF4C36-F7A0-985A-1FC7-026339E13338}.Debug|Any CPU.Build.0 = Debug|Any CPU
		{1CDF4C36-F7A0-985A-1FC7-026339E13338}.Release|Any CPU.ActiveCfg = Release|Any CPU
		{1CDF4C36-F7A0-985A-1FC7-026339E13338}.Release|Any CPU.Build.0 = Release|Any CPU
		{5D7FC47C-2B2A-E83D-83DB-6665BFDADE88}.Debug|Any CPU.ActiveCfg = Debug|Any CPU
		{5D7FC47C-2B2A-E83D-83DB-6665BFDADE88}.Debug|Any CPU.Build.0 = Debug|Any CPU
		{5D7FC47C-2B2A-E83D-83DB-6665BFDADE88}.Release|Any CPU.ActiveCfg = Release|Any CPU
		{5D7FC47C-2B2A-E83D-83DB-6665BFDADE88}.Release|Any CPU.Build.0 = Release|Any CPU
		{5CDCA780-01E9-3F28-A8FF-19C33E951384}.Debug|Any CPU.ActiveCfg = Debug|Any CPU
		{5CDCA780-01E9-3F28-A8FF-19C33E951384}.Debug|Any CPU.Build.0 = Debug|Any CPU
		{5CDCA780-01E9-3F28-A8FF-19C33E951384}.Release|Any CPU.ActiveCfg = Release|Any CPU
		{5CDCA780-01E9-3F28-A8FF-19C33E951384}.Release|Any CPU.Build.0 = Release|Any CPU
		{5755B428-B09D-BFA0-9183-9827CF842EC4}.Debug|Any CPU.ActiveCfg = Debug|Any CPU
		{5755B428-B09D-BFA0-9183-9827CF842EC4}.Debug|Any CPU.Build.0 = Debug|Any CPU
		{5755B428-B09D-BFA0-9183-9827CF842EC4}.Release|Any CPU.ActiveCfg = Release|Any CPU
		{5755B428-B09D-BFA0-9183-9827CF842EC4}.Release|Any CPU.Build.0 = Release|Any CPU
		{78586327-E2B7-C0BA-FF4A-A6DCCDD3B0F0}.Debug|Any CPU.ActiveCfg = Debug|Any CPU
		{78586327-E2B7-C0BA-FF4A-A6DCCDD3B0F0}.Debug|Any CPU.Build.0 = Debug|Any CPU
		{78586327-E2B7-C0BA-FF4A-A6DCCDD3B0F0}.Release|Any CPU.ActiveCfg = Release|Any CPU
		{78586327-E2B7-C0BA-FF4A-A6DCCDD3B0F0}.Release|Any CPU.Build.0 = Release|Any CPU
		{7EE21D08-1064-85AA-4FC3-E1B5B27A9783}.Debug|Any CPU.ActiveCfg = Debug|Any CPU
		{7EE21D08-1064-85AA-4FC3-E1B5B27A9783}.Debug|Any CPU.Build.0 = Debug|Any CPU
		{7EE21D08-1064-85AA-4FC3-E1B5B27A9783}.Release|Any CPU.ActiveCfg = Release|Any CPU
		{7EE21D08-1064-85AA-4FC3-E1B5B27A9783}.Release|Any CPU.Build.0 = Release|Any CPU
		{A0699AA2-0DF5-CC31-88C9-E6E01868BDEC}.Debug|Any CPU.ActiveCfg = Debug|Any CPU
		{A0699AA2-0DF5-CC31-88C9-E6E01868BDEC}.Debug|Any CPU.Build.0 = Debug|Any CPU
		{A0699AA2-0DF5-CC31-88C9-E6E01868BDEC}.Release|Any CPU.ActiveCfg = Release|Any CPU
		{A0699AA2-0DF5-CC31-88C9-E6E01868BDEC}.Release|Any CPU.Build.0 = Release|Any CPU
		{6DEEA60C-1116-7027-C0B6-D89FFF598C14}.Debug|Any CPU.ActiveCfg = Debug|Any CPU
		{6DEEA60C-1116-7027-C0B6-D89FFF598C14}.Debug|Any CPU.Build.0 = Debug|Any CPU
		{6DEEA60C-1116-7027-C0B6-D89FFF598C14}.Release|Any CPU.ActiveCfg = Release|Any CPU
		{6DEEA60C-1116-7027-C0B6-D89FFF598C14}.Release|Any CPU.Build.0 = Release|Any CPU
		{76896C48-B58E-E7AA-7326-109476DAC484}.Debug|Any CPU.ActiveCfg = Debug|Any CPU
		{76896C48-B58E-E7AA-7326-109476DAC484}.Debug|Any CPU.Build.0 = Debug|Any CPU
		{76896C48-B58E-E7AA-7326-109476DAC484}.Release|Any CPU.ActiveCfg = Release|Any CPU
		{76896C48-B58E-E7AA-7326-109476DAC484}.Release|Any CPU.Build.0 = Release|Any CPU
		{0700C358-1298-08ED-877D-A2B405BA4A56}.Debug|Any CPU.ActiveCfg = Debug|Any CPU
		{0700C358-1298-08ED-877D-A2B405BA4A56}.Debug|Any CPU.Build.0 = Debug|Any CPU
		{0700C358-1298-08ED-877D-A2B405BA4A56}.Release|Any CPU.ActiveCfg = Release|Any CPU
		{0700C358-1298-08ED-877D-A2B405BA4A56}.Release|Any CPU.Build.0 = Release|Any CPU
		{E8C9D142-664B-E333-1588-3D9B78FA8D18}.Debug|Any CPU.ActiveCfg = Debug|Any CPU
		{E8C9D142-664B-E333-1588-3D9B78FA8D18}.Debug|Any CPU.Build.0 = Debug|Any CPU
		{E8C9D142-664B-E333-1588-3D9B78FA8D18}.Release|Any CPU.ActiveCfg = Release|Any CPU
		{E8C9D142-664B-E333-1588-3D9B78FA8D18}.Release|Any CPU.Build.0 = Release|Any CPU
		{33F36373-0FDD-6BD9-955A-A220B7D33F63}.Debug|Any CPU.ActiveCfg = Debug|Any CPU
		{33F36373-0FDD-6BD9-955A-A220B7D33F63}.Debug|Any CPU.Build.0 = Debug|Any CPU
		{33F36373-0FDD-6BD9-955A-A220B7D33F63}.Release|Any CPU.ActiveCfg = Release|Any CPU
		{33F36373-0FDD-6BD9-955A-A220B7D33F63}.Release|Any CPU.Build.0 = Release|Any CPU
		{58788675-5F79-2029-4174-36C5B6ADCAD2}.Debug|Any CPU.ActiveCfg = Debug|Any CPU
		{58788675-5F79-2029-4174-36C5B6ADCAD2}.Debug|Any CPU.Build.0 = Debug|Any CPU
		{58788675-5F79-2029-4174-36C5B6ADCAD2}.Release|Any CPU.ActiveCfg = Release|Any CPU
		{58788675-5F79-2029-4174-36C5B6ADCAD2}.Release|Any CPU.Build.0 = Release|Any CPU
		{119774E6-EB3E-CE9A-A046-D58F5DC642E8}.Debug|Any CPU.ActiveCfg = Debug|Any CPU
		{119774E6-EB3E-CE9A-A046-D58F5DC642E8}.Debug|Any CPU.Build.0 = Debug|Any CPU
		{119774E6-EB3E-CE9A-A046-D58F5DC642E8}.Release|Any CPU.ActiveCfg = Release|Any CPU
		{119774E6-EB3E-CE9A-A046-D58F5DC642E8}.Release|Any CPU.Build.0 = Release|Any CPU
		{58A05711-B4DF-5AB9-F83B-9519993D5885}.Debug|Any CPU.ActiveCfg = Debug|Any CPU
		{58A05711-B4DF-5AB9-F83B-9519993D5885}.Debug|Any CPU.Build.0 = Debug|Any CPU
		{58A05711-B4DF-5AB9-F83B-9519993D5885}.Release|Any CPU.ActiveCfg = Release|Any CPU
		{58A05711-B4DF-5AB9-F83B-9519993D5885}.Release|Any CPU.Build.0 = Release|Any CPU
		{88462969-D8B4-89C6-8FFF-2884B3027FCC}.Debug|Any CPU.ActiveCfg = Debug|Any CPU
		{88462969-D8B4-89C6-8FFF-2884B3027FCC}.Debug|Any CPU.Build.0 = Debug|Any CPU
		{88462969-D8B4-89C6-8FFF-2884B3027FCC}.Release|Any CPU.ActiveCfg = Release|Any CPU
		{88462969-D8B4-89C6-8FFF-2884B3027FCC}.Release|Any CPU.Build.0 = Release|Any CPU
		{02013318-BD1C-18E7-1C99-8E27F4D29E67}.Debug|Any CPU.ActiveCfg = Debug|Any CPU
		{02013318-BD1C-18E7-1C99-8E27F4D29E67}.Debug|Any CPU.Build.0 = Debug|Any CPU
		{02013318-BD1C-18E7-1C99-8E27F4D29E67}.Release|Any CPU.ActiveCfg = Release|Any CPU
		{02013318-BD1C-18E7-1C99-8E27F4D29E67}.Release|Any CPU.Build.0 = Release|Any CPU
		{74BB07AB-27FA-AD2E-F2DD-96EBAC03FDD0}.Debug|Any CPU.ActiveCfg = Debug|Any CPU
		{74BB07AB-27FA-AD2E-F2DD-96EBAC03FDD0}.Debug|Any CPU.Build.0 = Debug|Any CPU
		{74BB07AB-27FA-AD2E-F2DD-96EBAC03FDD0}.Release|Any CPU.ActiveCfg = Release|Any CPU
		{74BB07AB-27FA-AD2E-F2DD-96EBAC03FDD0}.Release|Any CPU.Build.0 = Release|Any CPU
		{33DF92E8-5B28-A9C0-F4FF-0000E8530488}.Debug|Any CPU.ActiveCfg = Debug|Any CPU
		{33DF92E8-5B28-A9C0-F4FF-0000E8530488}.Debug|Any CPU.Build.0 = Debug|Any CPU
		{33DF92E8-5B28-A9C0-F4FF-0000E8530488}.Release|Any CPU.ActiveCfg = Release|Any CPU
		{33DF92E8-5B28-A9C0-F4FF-0000E8530488}.Release|Any CPU.Build.0 = Release|Any CPU
		{2CE6F878-D657-A22A-B32E-1B5C7D090204}.Debug|Any CPU.ActiveCfg = Debug|Any CPU
		{2CE6F878-D657-A22A-B32E-1B5C7D090204}.Debug|Any CPU.Build.0 = Debug|Any CPU
		{2CE6F878-D657-A22A-B32E-1B5C7D090204}.Release|Any CPU.ActiveCfg = Release|Any CPU
		{2CE6F878-D657-A22A-B32E-1B5C7D090204}.Release|Any CPU.Build.0 = Release|Any CPU
		{932A5A5E-C812-0135-7585-34123046D43D}.Debug|Any CPU.ActiveCfg = Debug|Any CPU
		{932A5A5E-C812-0135-7585-34123046D43D}.Debug|Any CPU.Build.0 = Debug|Any CPU
		{932A5A5E-C812-0135-7585-34123046D43D}.Release|Any CPU.ActiveCfg = Release|Any CPU
		{932A5A5E-C812-0135-7585-34123046D43D}.Release|Any CPU.Build.0 = Release|Any CPU
		{C462764E-7B3E-1192-A981-76628BE98439}.Debug|Any CPU.ActiveCfg = Debug|Any CPU
		{C462764E-7B3E-1192-A981-76628BE98439}.Debug|Any CPU.Build.0 = Debug|Any CPU
		{C462764E-7B3E-1192-A981-76628BE98439}.Release|Any CPU.ActiveCfg = Release|Any CPU
		{C462764E-7B3E-1192-A981-76628BE98439}.Release|Any CPU.Build.0 = Release|Any CPU
		{1579F1C2-E383-1411-FB86-B3177781BDD9}.Debug|Any CPU.ActiveCfg = Debug|Any CPU
		{1579F1C2-E383-1411-FB86-B3177781BDD9}.Debug|Any CPU.Build.0 = Debug|Any CPU
		{1579F1C2-E383-1411-FB86-B3177781BDD9}.Release|Any CPU.ActiveCfg = Release|Any CPU
		{1579F1C2-E383-1411-FB86-B3177781BDD9}.Release|Any CPU.Build.0 = Release|Any CPU
		{5CB0AFFD-D98B-CBE2-536B-05372844B49A}.Debug|Any CPU.ActiveCfg = Debug|Any CPU
		{5CB0AFFD-D98B-CBE2-536B-05372844B49A}.Debug|Any CPU.Build.0 = Debug|Any CPU
		{5CB0AFFD-D98B-CBE2-536B-05372844B49A}.Release|Any CPU.ActiveCfg = Release|Any CPU
		{5CB0AFFD-D98B-CBE2-536B-05372844B49A}.Release|Any CPU.Build.0 = Release|Any CPU
		{3AEC2D69-A149-A660-A6C5-7E17E579BBA8}.Debug|Any CPU.ActiveCfg = Debug|Any CPU
		{3AEC2D69-A149-A660-A6C5-7E17E579BBA8}.Debug|Any CPU.Build.0 = Debug|Any CPU
		{3AEC2D69-A149-A660-A6C5-7E17E579BBA8}.Release|Any CPU.ActiveCfg = Release|Any CPU
		{3AEC2D69-A149-A660-A6C5-7E17E579BBA8}.Release|Any CPU.Build.0 = Release|Any CPU
		{ECF49399-7A0A-58E2-92D1-9ABD10AB7E52}.Debug|Any CPU.ActiveCfg = Debug|Any CPU
		{ECF49399-7A0A-58E2-92D1-9ABD10AB7E52}.Debug|Any CPU.Build.0 = Debug|Any CPU
		{ECF49399-7A0A-58E2-92D1-9ABD10AB7E52}.Release|Any CPU.ActiveCfg = Release|Any CPU
		{ECF49399-7A0A-58E2-92D1-9ABD10AB7E52}.Release|Any CPU.Build.0 = Release|Any CPU
		{41F6DF33-1805-EFA7-D534-BB80414C245A}.Debug|Any CPU.ActiveCfg = Debug|Any CPU
		{41F6DF33-1805-EFA7-D534-BB80414C245A}.Debug|Any CPU.Build.0 = Debug|Any CPU
		{41F6DF33-1805-EFA7-D534-BB80414C245A}.Release|Any CPU.ActiveCfg = Release|Any CPU
		{41F6DF33-1805-EFA7-D534-BB80414C245A}.Release|Any CPU.Build.0 = Release|Any CPU
		{FC9799B7-4735-00CC-3E0B-786F0FDD354B}.Debug|Any CPU.ActiveCfg = Debug|Any CPU
		{FC9799B7-4735-00CC-3E0B-786F0FDD354B}.Debug|Any CPU.Build.0 = Debug|Any CPU
		{FC9799B7-4735-00CC-3E0B-786F0FDD354B}.Release|Any CPU.ActiveCfg = Release|Any CPU
		{FC9799B7-4735-00CC-3E0B-786F0FDD354B}.Release|Any CPU.Build.0 = Release|Any CPU
		{B662F7FA-3F51-7447-DC4D-E2900DBEE2CC}.Debug|Any CPU.ActiveCfg = Debug|Any CPU
		{B662F7FA-3F51-7447-DC4D-E2900DBEE2CC}.Debug|Any CPU.Build.0 = Debug|Any CPU
		{B662F7FA-3F51-7447-DC4D-E2900DBEE2CC}.Release|Any CPU.ActiveCfg = Release|Any CPU
		{B662F7FA-3F51-7447-DC4D-E2900DBEE2CC}.Release|Any CPU.Build.0 = Release|Any CPU
		{9986E91E-0BA1-4701-2C42-36FE069778B2}.Debug|Any CPU.ActiveCfg = Debug|Any CPU
		{9986E91E-0BA1-4701-2C42-36FE069778B2}.Debug|Any CPU.Build.0 = Debug|Any CPU
		{9986E91E-0BA1-4701-2C42-36FE069778B2}.Release|Any CPU.ActiveCfg = Release|Any CPU
		{9986E91E-0BA1-4701-2C42-36FE069778B2}.Release|Any CPU.Build.0 = Release|Any CPU
		{5E272E9B-DDB8-BEDF-6376-5A7B700AFF24}.Debug|Any CPU.ActiveCfg = Debug|Any CPU
		{5E272E9B-DDB8-BEDF-6376-5A7B700AFF24}.Debug|Any CPU.Build.0 = Debug|Any CPU
		{5E272E9B-DDB8-BEDF-6376-5A7B700AFF24}.Release|Any CPU.ActiveCfg = Release|Any CPU
		{5E272E9B-DDB8-BEDF-6376-5A7B700AFF24}.Release|Any CPU.Build.0 = Release|Any CPU
		{439D176B-6A53-2BCE-D368-7F660DE41A34}.Debug|Any CPU.ActiveCfg = Debug|Any CPU
		{439D176B-6A53-2BCE-D368-7F660DE41A34}.Debug|Any CPU.Build.0 = Debug|Any CPU
		{439D176B-6A53-2BCE-D368-7F660DE41A34}.Release|Any CPU.ActiveCfg = Release|Any CPU
		{439D176B-6A53-2BCE-D368-7F660DE41A34}.Release|Any CPU.Build.0 = Release|Any CPU
		{3AB7191A-889F-BB8D-18CF-C6A02BF18306}.Debug|Any CPU.ActiveCfg = Debug|Any CPU
		{3AB7191A-889F-BB8D-18CF-C6A02BF18306}.Debug|Any CPU.Build.0 = Debug|Any CPU
		{3AB7191A-889F-BB8D-18CF-C6A02BF18306}.Release|Any CPU.ActiveCfg = Release|Any CPU
		{3AB7191A-889F-BB8D-18CF-C6A02BF18306}.Release|Any CPU.Build.0 = Release|Any CPU
		{263E9C9C-C8B5-7240-DB05-36CA561693DF}.Debug|Any CPU.ActiveCfg = Debug|Any CPU
		{263E9C9C-C8B5-7240-DB05-36CA561693DF}.Debug|Any CPU.Build.0 = Debug|Any CPU
		{263E9C9C-C8B5-7240-DB05-36CA561693DF}.Release|Any CPU.ActiveCfg = Release|Any CPU
		{263E9C9C-C8B5-7240-DB05-36CA561693DF}.Release|Any CPU.Build.0 = Release|Any CPU
		{B1743449-60CC-5006-B1C5-C4E223E11FFE}.Debug|Any CPU.ActiveCfg = Debug|Any CPU
		{B1743449-60CC-5006-B1C5-C4E223E11FFE}.Debug|Any CPU.Build.0 = Debug|Any CPU
		{B1743449-60CC-5006-B1C5-C4E223E11FFE}.Release|Any CPU.ActiveCfg = Release|Any CPU
		{B1743449-60CC-5006-B1C5-C4E223E11FFE}.Release|Any CPU.Build.0 = Release|Any CPU
		{2D427660-EBE1-FE61-CD80-144B4F5AD2F0}.Debug|Any CPU.ActiveCfg = Debug|Any CPU
		{2D427660-EBE1-FE61-CD80-144B4F5AD2F0}.Debug|Any CPU.Build.0 = Debug|Any CPU
		{2D427660-EBE1-FE61-CD80-144B4F5AD2F0}.Release|Any CPU.ActiveCfg = Release|Any CPU
		{2D427660-EBE1-FE61-CD80-144B4F5AD2F0}.Release|Any CPU.Build.0 = Release|Any CPU
		{A4E9670C-9DE5-748B-7C45-AFA0A0BE2CD6}.Debug|Any CPU.ActiveCfg = Debug|Any CPU
		{A4E9670C-9DE5-748B-7C45-AFA0A0BE2CD6}.Debug|Any CPU.Build.0 = Debug|Any CPU
		{A4E9670C-9DE5-748B-7C45-AFA0A0BE2CD6}.Release|Any CPU.ActiveCfg = Release|Any CPU
		{A4E9670C-9DE5-748B-7C45-AFA0A0BE2CD6}.Release|Any CPU.Build.0 = Release|Any CPU
		{FC19428E-1DFB-173C-A169-3FA295CDE277}.Debug|Any CPU.ActiveCfg = Debug|Any CPU
		{FC19428E-1DFB-173C-A169-3FA295CDE277}.Debug|Any CPU.Build.0 = Debug|Any CPU
		{FC19428E-1DFB-173C-A169-3FA295CDE277}.Release|Any CPU.ActiveCfg = Release|Any CPU
		{FC19428E-1DFB-173C-A169-3FA295CDE277}.Release|Any CPU.Build.0 = Release|Any CPU
		{2B5C127D-831A-0484-0ED6-EFFC87059DC6}.Debug|Any CPU.ActiveCfg = Debug|Any CPU
		{2B5C127D-831A-0484-0ED6-EFFC87059DC6}.Debug|Any CPU.Build.0 = Debug|Any CPU
		{2B5C127D-831A-0484-0ED6-EFFC87059DC6}.Release|Any CPU.ActiveCfg = Release|Any CPU
		{2B5C127D-831A-0484-0ED6-EFFC87059DC6}.Release|Any CPU.Build.0 = Release|Any CPU
		{7AF5E225-9E66-4863-62B6-BA7B517BA10F}.Debug|Any CPU.ActiveCfg = Debug|Any CPU
		{7AF5E225-9E66-4863-62B6-BA7B517BA10F}.Debug|Any CPU.Build.0 = Debug|Any CPU
		{7AF5E225-9E66-4863-62B6-BA7B517BA10F}.Release|Any CPU.ActiveCfg = Release|Any CPU
		{7AF5E225-9E66-4863-62B6-BA7B517BA10F}.Release|Any CPU.Build.0 = Release|Any CPU
		{52D6E762-CF86-39E3-42EB-E672BD5951E0}.Debug|Any CPU.ActiveCfg = Debug|Any CPU
		{52D6E762-CF86-39E3-42EB-E672BD5951E0}.Debug|Any CPU.Build.0 = Debug|Any CPU
		{52D6E762-CF86-39E3-42EB-E672BD5951E0}.Release|Any CPU.ActiveCfg = Release|Any CPU
		{52D6E762-CF86-39E3-42EB-E672BD5951E0}.Release|Any CPU.Build.0 = Release|Any CPU
		{B347B6A2-737B-0388-91D2-355CB529ED4B}.Debug|Any CPU.ActiveCfg = Debug|Any CPU
		{B347B6A2-737B-0388-91D2-355CB529ED4B}.Debug|Any CPU.Build.0 = Debug|Any CPU
		{B347B6A2-737B-0388-91D2-355CB529ED4B}.Release|Any CPU.ActiveCfg = Release|Any CPU
		{B347B6A2-737B-0388-91D2-355CB529ED4B}.Release|Any CPU.Build.0 = Release|Any CPU
		{D46F74C2-3B03-D0F7-CFFA-81E01C523A71}.Debug|Any CPU.ActiveCfg = Debug|Any CPU
		{D46F74C2-3B03-D0F7-CFFA-81E01C523A71}.Debug|Any CPU.Build.0 = Debug|Any CPU
		{D46F74C2-3B03-D0F7-CFFA-81E01C523A71}.Release|Any CPU.ActiveCfg = Release|Any CPU
		{D46F74C2-3B03-D0F7-CFFA-81E01C523A71}.Release|Any CPU.Build.0 = Release|Any CPU
		{22437E9B-B7E4-C614-AB7F-8B73F939ACF8}.Debug|Any CPU.ActiveCfg = Debug|Any CPU
		{22437E9B-B7E4-C614-AB7F-8B73F939ACF8}.Debug|Any CPU.Build.0 = Debug|Any CPU
		{22437E9B-B7E4-C614-AB7F-8B73F939ACF8}.Release|Any CPU.ActiveCfg = Release|Any CPU
		{22437E9B-B7E4-C614-AB7F-8B73F939ACF8}.Release|Any CPU.Build.0 = Release|Any CPU
		{A2512155-0F78-DE0B-11B7-786360F9CFFE}.Debug|Any CPU.ActiveCfg = Debug|Any CPU
		{A2512155-0F78-DE0B-11B7-786360F9CFFE}.Debug|Any CPU.Build.0 = Debug|Any CPU
		{A2512155-0F78-DE0B-11B7-786360F9CFFE}.Release|Any CPU.ActiveCfg = Release|Any CPU
		{A2512155-0F78-DE0B-11B7-786360F9CFFE}.Release|Any CPU.Build.0 = Release|Any CPU
		{358D95E3-ABB9-D3F2-1C93-E68B6151B3B2}.Debug|Any CPU.ActiveCfg = Debug|Any CPU
		{358D95E3-ABB9-D3F2-1C93-E68B6151B3B2}.Debug|Any CPU.Build.0 = Debug|Any CPU
		{358D95E3-ABB9-D3F2-1C93-E68B6151B3B2}.Release|Any CPU.ActiveCfg = Release|Any CPU
		{358D95E3-ABB9-D3F2-1C93-E68B6151B3B2}.Release|Any CPU.Build.0 = Release|Any CPU
		{8CC3B626-75EF-4388-8C12-17FAA450EDBA}.Debug|Any CPU.ActiveCfg = Debug|Any CPU
		{8CC3B626-75EF-4388-8C12-17FAA450EDBA}.Debug|Any CPU.Build.0 = Debug|Any CPU
		{8CC3B626-75EF-4388-8C12-17FAA450EDBA}.Release|Any CPU.ActiveCfg = Release|Any CPU
		{8CC3B626-75EF-4388-8C12-17FAA450EDBA}.Release|Any CPU.Build.0 = Release|Any CPU
		{935BA62E-FF86-C536-AF22-D668AF43E2E1}.Debug|Any CPU.ActiveCfg = Debug|Any CPU
		{935BA62E-FF86-C536-AF22-D668AF43E2E1}.Debug|Any CPU.Build.0 = Debug|Any CPU
		{935BA62E-FF86-C536-AF22-D668AF43E2E1}.Release|Any CPU.ActiveCfg = Release|Any CPU
		{935BA62E-FF86-C536-AF22-D668AF43E2E1}.Release|Any CPU.Build.0 = Release|Any CPU
		{175612E8-6796-B778-7E2D-C3695E51A9E7}.Debug|Any CPU.ActiveCfg = Debug|Any CPU
		{175612E8-6796-B778-7E2D-C3695E51A9E7}.Debug|Any CPU.Build.0 = Debug|Any CPU
		{175612E8-6796-B778-7E2D-C3695E51A9E7}.Release|Any CPU.ActiveCfg = Release|Any CPU
		{175612E8-6796-B778-7E2D-C3695E51A9E7}.Release|Any CPU.Build.0 = Release|Any CPU
		{FE9DC7C8-863F-248E-1D92-215D0DE167DA}.Debug|Any CPU.ActiveCfg = Debug|Any CPU
		{FE9DC7C8-863F-248E-1D92-215D0DE167DA}.Debug|Any CPU.Build.0 = Debug|Any CPU
		{FE9DC7C8-863F-248E-1D92-215D0DE167DA}.Release|Any CPU.ActiveCfg = Release|Any CPU
		{FE9DC7C8-863F-248E-1D92-215D0DE167DA}.Release|Any CPU.Build.0 = Release|Any CPU
		{99F56CCB-018B-42ED-D59E-0FE2A2BE2E5E}.Debug|Any CPU.ActiveCfg = Debug|Any CPU
		{99F56CCB-018B-42ED-D59E-0FE2A2BE2E5E}.Debug|Any CPU.Build.0 = Debug|Any CPU
		{99F56CCB-018B-42ED-D59E-0FE2A2BE2E5E}.Release|Any CPU.ActiveCfg = Release|Any CPU
		{99F56CCB-018B-42ED-D59E-0FE2A2BE2E5E}.Release|Any CPU.Build.0 = Release|Any CPU
		{D5E56A1E-5423-703A-BB05-460A9755CD69}.Debug|Any CPU.ActiveCfg = Debug|Any CPU
		{D5E56A1E-5423-703A-BB05-460A9755CD69}.Debug|Any CPU.Build.0 = Debug|Any CPU
		{D5E56A1E-5423-703A-BB05-460A9755CD69}.Release|Any CPU.ActiveCfg = Release|Any CPU
		{D5E56A1E-5423-703A-BB05-460A9755CD69}.Release|Any CPU.Build.0 = Release|Any CPU
		{CB733F90-3AA5-0BC4-9075-64682E44BE84}.Debug|Any CPU.ActiveCfg = Debug|Any CPU
		{CB733F90-3AA5-0BC4-9075-64682E44BE84}.Debug|Any CPU.Build.0 = Debug|Any CPU
		{CB733F90-3AA5-0BC4-9075-64682E44BE84}.Release|Any CPU.ActiveCfg = Release|Any CPU
		{CB733F90-3AA5-0BC4-9075-64682E44BE84}.Release|Any CPU.Build.0 = Release|Any CPU
		{C9AA50CD-22A1-32E4-31A2-C059728541D8}.Debug|Any CPU.ActiveCfg = Debug|Any CPU
		{C9AA50CD-22A1-32E4-31A2-C059728541D8}.Debug|Any CPU.Build.0 = Debug|Any CPU
		{C9AA50CD-22A1-32E4-31A2-C059728541D8}.Release|Any CPU.ActiveCfg = Release|Any CPU
		{C9AA50CD-22A1-32E4-31A2-C059728541D8}.Release|Any CPU.Build.0 = Release|Any CPU
		{2333B1A5-0A2D-EA44-6289-DB972E8A4892}.Debug|Any CPU.ActiveCfg = Debug|Any CPU
		{2333B1A5-0A2D-EA44-6289-DB972E8A4892}.Debug|Any CPU.Build.0 = Debug|Any CPU
		{2333B1A5-0A2D-EA44-6289-DB972E8A4892}.Release|Any CPU.ActiveCfg = Release|Any CPU
		{2333B1A5-0A2D-EA44-6289-DB972E8A4892}.Release|Any CPU.Build.0 = Release|Any CPU
		{EF31C738-4B97-8A4F-875A-960B276BC68F}.Debug|Any CPU.ActiveCfg = Debug|Any CPU
		{EF31C738-4B97-8A4F-875A-960B276BC68F}.Debug|Any CPU.Build.0 = Debug|Any CPU
		{EF31C738-4B97-8A4F-875A-960B276BC68F}.Release|Any CPU.ActiveCfg = Release|Any CPU
		{EF31C738-4B97-8A4F-875A-960B276BC68F}.Release|Any CPU.Build.0 = Release|Any CPU
		{D0A241B5-CBE5-9FD8-1EED-228329712CC4}.Debug|Any CPU.ActiveCfg = Debug|Any CPU
		{D0A241B5-CBE5-9FD8-1EED-228329712CC4}.Debug|Any CPU.Build.0 = Debug|Any CPU
		{D0A241B5-CBE5-9FD8-1EED-228329712CC4}.Release|Any CPU.ActiveCfg = Release|Any CPU
		{D0A241B5-CBE5-9FD8-1EED-228329712CC4}.Release|Any CPU.Build.0 = Release|Any CPU
		{254D45F3-1420-34C6-F3F4-9E3D9423077F}.Debug|Any CPU.ActiveCfg = Debug|Any CPU
		{254D45F3-1420-34C6-F3F4-9E3D9423077F}.Debug|Any CPU.Build.0 = Debug|Any CPU
		{254D45F3-1420-34C6-F3F4-9E3D9423077F}.Release|Any CPU.ActiveCfg = Release|Any CPU
		{254D45F3-1420-34C6-F3F4-9E3D9423077F}.Release|Any CPU.Build.0 = Release|Any CPU
		{D398BAB9-6D67-98A1-D31B-9E591D53B381}.Debug|Any CPU.ActiveCfg = Debug|Any CPU
		{D398BAB9-6D67-98A1-D31B-9E591D53B381}.Debug|Any CPU.Build.0 = Debug|Any CPU
		{D398BAB9-6D67-98A1-D31B-9E591D53B381}.Release|Any CPU.ActiveCfg = Release|Any CPU
		{D398BAB9-6D67-98A1-D31B-9E591D53B381}.Release|Any CPU.Build.0 = Release|Any CPU
		{8DAFA3B7-E74E-EB7F-CAC7-D24F8313FCF4}.Debug|Any CPU.ActiveCfg = Debug|Any CPU
		{8DAFA3B7-E74E-EB7F-CAC7-D24F8313FCF4}.Debug|Any CPU.Build.0 = Debug|Any CPU
		{8DAFA3B7-E74E-EB7F-CAC7-D24F8313FCF4}.Release|Any CPU.ActiveCfg = Release|Any CPU
		{8DAFA3B7-E74E-EB7F-CAC7-D24F8313FCF4}.Release|Any CPU.Build.0 = Release|Any CPU
		{671124E5-A306-44D2-C8B4-064FF6002095}.Debug|Any CPU.ActiveCfg = Debug|Any CPU
		{671124E5-A306-44D2-C8B4-064FF6002095}.Debug|Any CPU.Build.0 = Debug|Any CPU
		{671124E5-A306-44D2-C8B4-064FF6002095}.Release|Any CPU.ActiveCfg = Release|Any CPU
		{671124E5-A306-44D2-C8B4-064FF6002095}.Release|Any CPU.Build.0 = Release|Any CPU
		{3AF47271-C379-7E8E-64B2-ECDC79FF7B08}.Debug|Any CPU.ActiveCfg = Debug|Any CPU
		{3AF47271-C379-7E8E-64B2-ECDC79FF7B08}.Debug|Any CPU.Build.0 = Debug|Any CPU
		{3AF47271-C379-7E8E-64B2-ECDC79FF7B08}.Release|Any CPU.ActiveCfg = Release|Any CPU
		{3AF47271-C379-7E8E-64B2-ECDC79FF7B08}.Release|Any CPU.Build.0 = Release|Any CPU
	EndGlobalSection
	GlobalSection(SolutionProperties) = preSolution
		HideSolutionNode = FALSE
	EndGlobalSection
	GlobalSection(ExtensibilityGlobals) = postSolution
		SolutionGuid = {B85A2D45-E029-4E2A-B54D-6912C0AE9041}
	EndGlobalSection
EndGlobal
